
Microsoft Visual Studio Solution File, Format Version 12.00
# Visual Studio 2012
VisualStudioVersion = 14.0.25420.1
MinimumVisualStudioVersion = 10.0.40219.1
Project("{FAE04EC0-301F-11D3-BF4B-00C04F79EFBC}") = "lib60870", "lib60870\lib60870.csproj", "{F604286A-1AFC-4355-8C2C-A998CFCEE979}"
EndProject
Project("{FAE04EC0-301F-11D3-BF4B-00C04F79EFBC}") = "cs104-client1", "examples\cs104-client1\cs104-client1.csproj", "{608CD6D9-91FC-419F-A0F6-2091E0B6D469}"
EndProject
Project("{FAE04EC0-301F-11D3-BF4B-00C04F79EFBC}") = "cs104-server", "examples\cs104-server\cs104-server.csproj", "{04DB887E-3123-4C21-8B39-11168D1F5198}"
EndProject
Project("{FAE04EC0-301F-11D3-BF4B-00C04F79EFBC}") = "lib60870-tests", "tests\lib60870-tests.csproj", "{E366CDDD-E2FF-4275-9975-5C309671BAF7}"
EndProject
Project("{FAE04EC0-301F-11D3-BF4B-00C04F79EFBC}") = "cs104-client2", "examples\cs104-client2\cs104-client2.csproj", "{7BB50F1A-3C65-4D26-998D-C7744BABAA7F}"
EndProject
Project("{FAE04EC0-301F-11D3-BF4B-00C04F79EFBC}") = "cs104-server2", "examples\cs104-server2\cs104-server2.csproj", "{C48F029B-D26C-47E9-9958-994543664DB7}"
EndProject
Project("{FAE04EC0-301F-11D3-BF4B-00C04F79EFBC}") = "cs104-multi-client-server", "examples\cs104-multi-client-server\cs104-multi-client-server.csproj", "{F19997DD-3182-46C0-9776-E23AC6C5ACBC}"
EndProject
Project("{FAE04EC0-301F-11D3-BF4B-00C04F79EFBC}") = "cs104-client3", "examples\cs104-client3\cs104-client3.csproj", "{05875DE2-6036-46E9-A656-BACB47D6E5F5}"
EndProject
Project("{FAE04EC0-301F-11D3-BF4B-00C04F79EFBC}") = "cs104-tls-server", "examples\cs104-tls-server\cs104-tls-server.csproj", "{CB566E9F-4814-40AD-ACA2-BDB598D7C174}"
EndProject
Project("{FAE04EC0-301F-11D3-BF4B-00C04F79EFBC}") = "cs104-tls-client", "examples\cs104-tls-client\cs104-tls-client.csproj", "{D770BDE6-5A88-4F22-9698-011356C4D505}"
EndProject
Project("{FAE04EC0-301F-11D3-BF4B-00C04F79EFBC}") = "cs101-master-unbalanced", "examples\cs101-master-unbalanced\cs101-master-unbalanced.csproj", "{7B9B0905-91BE-4D13-849E-44B77E82607B}"
EndProject
Project("{FAE04EC0-301F-11D3-BF4B-00C04F79EFBC}") = "cs101-master-balanced", "examples\cs101-master-balanced\cs101-master-balanced.csproj", "{302416B2-D0C2-47D8-8386-882E168CA840}"
EndProject
Project("{FAE04EC0-301F-11D3-BF4B-00C04F79EFBC}") = "cs101-slave-unbalanced", "examples\cs101-slave-unbalanced\cs101-slave-unbalanced.csproj", "{6CDC09F4-A182-4500-A999-B7AF49724778}"
EndProject
Project("{FAE04EC0-301F-11D3-BF4B-00C04F79EFBC}") = "cs104-server3", "examples\cs104-server3\cs104-server3.csproj", "{DE72BC11-8C68-434D-9291-1F38E4F4F54B}"
EndProject
Project("{FAE04EC0-301F-11D3-BF4B-00C04F79EFBC}") = "cs104-server-file", "examples\cs104-server-file\cs104-server-file.csproj", "{103ECFE7-C1AC-468A-B078-A234F24FDD6B}"
EndProject
Project("{FAE04EC0-301F-11D3-BF4B-00C04F79EFBC}") = "cs101-slave-balanced", "examples\cs101-slave-balanced\cs101-slave-balanced.csproj", "{2572DCFC-CA06-4442-B40C-076F3C88C62B}"
EndProject
Project("{FAE04EC0-301F-11D3-BF4B-00C04F79EFBC}") = "cs101-slave-tcp", "examples\cs101-slave-tcp\cs101-slave-tcp.csproj", "{28B14CE2-3F4F-44EE-9D5F-7BD691DF8D6D}"
EndProject
Project("{FAE04EC0-301F-11D3-BF4B-00C04F79EFBC}") = "cs101-master-tcp", "examples\cs101-master-tcp\cs101-master-tcp.csproj", "{74C5485C-8D49-4676-AFD9-0FECC2F325A4}"
EndProject
Project("{FAE04EC0-301F-11D3-BF4B-00C04F79EFBC}") = "cs104-redundancy-server", "examples\cs104-redundancy-server\cs104-redundancy-server.csproj", "{5DB37425-D880-4159-A2C4-D74F472C3D6B}"
EndProject
Global
	GlobalSection(SolutionConfigurationPlatforms) = preSolution
		Debug|x86 = Debug|x86
		Release|x86 = Release|x86
	EndGlobalSection
	GlobalSection(ProjectConfigurationPlatforms) = postSolution
		{04DB887E-3123-4C21-8B39-11168D1F5198}.Debug|x86.ActiveCfg = Debug|x86
		{04DB887E-3123-4C21-8B39-11168D1F5198}.Debug|x86.Build.0 = Debug|x86
		{04DB887E-3123-4C21-8B39-11168D1F5198}.Release|x86.ActiveCfg = Release|x86
		{04DB887E-3123-4C21-8B39-11168D1F5198}.Release|x86.Build.0 = Release|x86
		{05875DE2-6036-46E9-A656-BACB47D6E5F5}.Debug|x86.ActiveCfg = Debug|x86
		{05875DE2-6036-46E9-A656-BACB47D6E5F5}.Debug|x86.Build.0 = Debug|x86
		{05875DE2-6036-46E9-A656-BACB47D6E5F5}.Release|x86.ActiveCfg = Release|x86
		{05875DE2-6036-46E9-A656-BACB47D6E5F5}.Release|x86.Build.0 = Release|x86
		{103ECFE7-C1AC-468A-B078-A234F24FDD6B}.Debug|x86.ActiveCfg = Debug|x86
		{103ECFE7-C1AC-468A-B078-A234F24FDD6B}.Debug|x86.Build.0 = Debug|x86
		{103ECFE7-C1AC-468A-B078-A234F24FDD6B}.Release|x86.ActiveCfg = Release|x86
		{103ECFE7-C1AC-468A-B078-A234F24FDD6B}.Release|x86.Build.0 = Release|x86
		{2572DCFC-CA06-4442-B40C-076F3C88C62B}.Debug|x86.ActiveCfg = Debug|x86
		{2572DCFC-CA06-4442-B40C-076F3C88C62B}.Debug|x86.Build.0 = Debug|x86
		{2572DCFC-CA06-4442-B40C-076F3C88C62B}.Release|x86.ActiveCfg = Release|x86
		{2572DCFC-CA06-4442-B40C-076F3C88C62B}.Release|x86.Build.0 = Release|x86
		{28B14CE2-3F4F-44EE-9D5F-7BD691DF8D6D}.Debug|x86.ActiveCfg = Debug|x86
		{28B14CE2-3F4F-44EE-9D5F-7BD691DF8D6D}.Debug|x86.Build.0 = Debug|x86
		{28B14CE2-3F4F-44EE-9D5F-7BD691DF8D6D}.Release|x86.ActiveCfg = Release|x86
		{28B14CE2-3F4F-44EE-9D5F-7BD691DF8D6D}.Release|x86.Build.0 = Release|x86
		{302416B2-D0C2-47D8-8386-882E168CA840}.Debug|x86.ActiveCfg = Debug|x86
		{302416B2-D0C2-47D8-8386-882E168CA840}.Debug|x86.Build.0 = Debug|x86
		{302416B2-D0C2-47D8-8386-882E168CA840}.Release|x86.ActiveCfg = Release|x86
		{302416B2-D0C2-47D8-8386-882E168CA840}.Release|x86.Build.0 = Release|x86
		{5DB37425-D880-4159-A2C4-D74F472C3D6B}.Debug|x86.ActiveCfg = Debug|x86
		{5DB37425-D880-4159-A2C4-D74F472C3D6B}.Debug|x86.Build.0 = Debug|x86
		{5DB37425-D880-4159-A2C4-D74F472C3D6B}.Release|x86.ActiveCfg = Release|x86
		{5DB37425-D880-4159-A2C4-D74F472C3D6B}.Release|x86.Build.0 = Release|x86
		{608CD6D9-91FC-419F-A0F6-2091E0B6D469}.Debug|x86.ActiveCfg = Debug|x86
		{608CD6D9-91FC-419F-A0F6-2091E0B6D469}.Debug|x86.Build.0 = Debug|x86
		{608CD6D9-91FC-419F-A0F6-2091E0B6D469}.Release|x86.ActiveCfg = Release|x86
		{608CD6D9-91FC-419F-A0F6-2091E0B6D469}.Release|x86.Build.0 = Release|x86
		{6CDC09F4-A182-4500-A999-B7AF49724778}.Debug|x86.ActiveCfg = Debug|x86
		{6CDC09F4-A182-4500-A999-B7AF49724778}.Debug|x86.Build.0 = Debug|x86
		{6CDC09F4-A182-4500-A999-B7AF49724778}.Release|x86.ActiveCfg = Release|x86
		{6CDC09F4-A182-4500-A999-B7AF49724778}.Release|x86.Build.0 = Release|x86
		{74C5485C-8D49-4676-AFD9-0FECC2F325A4}.Debug|x86.ActiveCfg = Debug|x86
		{74C5485C-8D49-4676-AFD9-0FECC2F325A4}.Debug|x86.Build.0 = Debug|x86
		{74C5485C-8D49-4676-AFD9-0FECC2F325A4}.Release|x86.ActiveCfg = Release|x86
		{74C5485C-8D49-4676-AFD9-0FECC2F325A4}.Release|x86.Build.0 = Release|x86
		{7B9B0905-91BE-4D13-849E-44B77E82607B}.Debug|x86.ActiveCfg = Debug|x86
		{7B9B0905-91BE-4D13-849E-44B77E82607B}.Debug|x86.Build.0 = Debug|x86
		{7B9B0905-91BE-4D13-849E-44B77E82607B}.Release|x86.ActiveCfg = Release|x86
		{7B9B0905-91BE-4D13-849E-44B77E82607B}.Release|x86.Build.0 = Release|x86
		{7BB50F1A-3C65-4D26-998D-C7744BABAA7F}.Debug|x86.ActiveCfg = Debug|x86
		{7BB50F1A-3C65-4D26-998D-C7744BABAA7F}.Debug|x86.Build.0 = Debug|x86
		{7BB50F1A-3C65-4D26-998D-C7744BABAA7F}.Release|x86.ActiveCfg = Release|x86
		{7BB50F1A-3C65-4D26-998D-C7744BABAA7F}.Release|x86.Build.0 = Release|x86
		{C48F029B-D26C-47E9-9958-994543664DB7}.Debug|x86.ActiveCfg = Debug|x86
		{C48F029B-D26C-47E9-9958-994543664DB7}.Debug|x86.Build.0 = Debug|x86
		{C48F029B-D26C-47E9-9958-994543664DB7}.Release|x86.ActiveCfg = Release|x86
		{C48F029B-D26C-47E9-9958-994543664DB7}.Release|x86.Build.0 = Release|x86
		{CB566E9F-4814-40AD-ACA2-BDB598D7C174}.Debug|x86.ActiveCfg = Debug|x86
		{CB566E9F-4814-40AD-ACA2-BDB598D7C174}.Debug|x86.Build.0 = Debug|x86
		{CB566E9F-4814-40AD-ACA2-BDB598D7C174}.Release|x86.ActiveCfg = Release|x86
		{CB566E9F-4814-40AD-ACA2-BDB598D7C174}.Release|x86.Build.0 = Release|x86
		{D770BDE6-5A88-4F22-9698-011356C4D505}.Debug|x86.ActiveCfg = Debug|x86
		{D770BDE6-5A88-4F22-9698-011356C4D505}.Debug|x86.Build.0 = Debug|x86
		{D770BDE6-5A88-4F22-9698-011356C4D505}.Release|x86.ActiveCfg = Release|x86
		{D770BDE6-5A88-4F22-9698-011356C4D505}.Release|x86.Build.0 = Release|x86
		{DE72BC11-8C68-434D-9291-1F38E4F4F54B}.Debug|x86.ActiveCfg = Debug|x86
		{DE72BC11-8C68-434D-9291-1F38E4F4F54B}.Debug|x86.Build.0 = Debug|x86
		{DE72BC11-8C68-434D-9291-1F38E4F4F54B}.Release|x86.ActiveCfg = Release|x86
		{DE72BC11-8C68-434D-9291-1F38E4F4F54B}.Release|x86.Build.0 = Release|x86
		{E366CDDD-E2FF-4275-9975-5C309671BAF7}.Debug|x86.ActiveCfg = Debug|Any CPU
		{E366CDDD-E2FF-4275-9975-5C309671BAF7}.Debug|x86.Build.0 = Debug|Any CPU
		{E366CDDD-E2FF-4275-9975-5C309671BAF7}.Release|x86.ActiveCfg = Release|Any CPU
		{E366CDDD-E2FF-4275-9975-5C309671BAF7}.Release|x86.Build.0 = Release|Any CPU
		{F19997DD-3182-46C0-9776-E23AC6C5ACBC}.Debug|x86.ActiveCfg = Debug|x86
		{F19997DD-3182-46C0-9776-E23AC6C5ACBC}.Debug|x86.Build.0 = Debug|x86
		{F19997DD-3182-46C0-9776-E23AC6C5ACBC}.Release|x86.ActiveCfg = Release|x86
		{F19997DD-3182-46C0-9776-E23AC6C5ACBC}.Release|x86.Build.0 = Release|x86
		{F604286A-1AFC-4355-8C2C-A998CFCEE979}.Debug|x86.ActiveCfg = Debug|x86
		{F604286A-1AFC-4355-8C2C-A998CFCEE979}.Debug|x86.Build.0 = Debug|x86
		{F604286A-1AFC-4355-8C2C-A998CFCEE979}.Release|x86.ActiveCfg = Release|x86
		{F604286A-1AFC-4355-8C2C-A998CFCEE979}.Release|x86.Build.0 = Release|x86
	EndGlobalSection
	GlobalSection(MonoDevelopProperties) = preSolution
		Policies = $0
		$0.DotNetNamingPolicy = $1
		$1.DirectoryNamespaceAssociation = None
		$1.ResourceNamePolicy = FileFormatDefault
		$0.StandardHeader = $2
		$2.Text = @/*\n *  Copyright 2016, 2017 MZ Automation GmbH\n *\n *  This file is part of lib60870.NET\n *\n *  lib60870.NET is free software: you can redistribute it and/or modify\n *  it under the terms of the GNU General Public License as published by\n *  the Free Software Foundation, either version 3 of the License, or\n *  (at your option) any later version.\n *\n *  lib60870.NET is distributed in the hope that it will be useful,\n *  but WITHOUT ANY WARRANTY; without even the implied warranty of\n *  MERCHANTABILITY or FITNESS FOR A PARTICULAR PURPOSE.  See the\n *  GNU General Public License for more details.\n *\n *  You should have received a copy of the GNU General Public License\n *  along with lib60870.NET.  If not, see <http://www.gnu.org/licenses/>.\n *\n *  See COPYING file for the complete license text.\n */\n\n
		$2.IncludeInNewFiles = True
		$0.NameConventionPolicy = $3
		$3.Rules = $4
		$4.NamingRule = $5
		$5.AffectedEntity = None
		$5.VisibilityMask = VisibilityMask
		$5.NamingStyle = None
		$5.IncludeInstanceMembers = True
		$5.IncludeStaticEntities = True
		$0.TextStylePolicy = $6
		$6.NoTabsAfterNonTabs = True
		$6.inheritsSet = VisualStudio
		$6.inheritsScope = text/plain
		$6.scope = text/x-csharp
		$0.CSharpFormattingPolicy = $7
		$7.IndentSwitchBody = True
		$7.IndentBlocksInsideExpressions = True
		$7.AnonymousMethodBraceStyle = NextLine
		$7.PropertyBraceStyle = NextLine
		$7.PropertyGetBraceStyle = NextLine
		$7.PropertySetBraceStyle = NextLine
		$7.EventBraceStyle = NextLine
		$7.EventAddBraceStyle = NextLine
		$7.EventRemoveBraceStyle = NextLine
		$7.StatementBraceStyle = NextLine
		$7.ElseNewLinePlacement = NewLine
		$7.CatchNewLinePlacement = NewLine
		$7.FinallyNewLinePlacement = NewLine
		$7.WhileNewLinePlacement = DoNotCare
		$7.ArrayInitializerWrapping = DoNotChange
		$7.ArrayInitializerBraceStyle = NextLine
		$7.BeforeMethodDeclarationParentheses = False
		$7.BeforeMethodCallParentheses = False
		$7.BeforeConstructorDeclarationParentheses = False
		$7.NewLineBeforeConstructorInitializerColon = NewLine
		$7.NewLineAfterConstructorInitializerColon = SameLine
		$7.BeforeDelegateDeclarationParentheses = False
		$7.NewParentheses = False
		$7.SpacesBeforeBrackets = False
		$7.inheritsSet = Mono
		$7.inheritsScope = text/x-csharp
		$7.scope = text/x-csharp
		version = 2.2.0
		StartupItem = lib60870\lib60870.csproj
	EndGlobalSection
	GlobalSection(SolutionProperties) = preSolution
		HideSolutionNode = FALSE
	EndGlobalSection
EndGlobal
