
Microsoft Visual Studio Solution File, Format Version 12.00
# Visual Studio Version 17
VisualStudioVersion = 17.0.31903.59
MinimumVisualStudioVersion = 10.0.40219.1
Project("{FAE04EC0-301F-11D3-BF4B-00C04F79EFBC}") = "lib60870", "lib60870\lib60870.csproj", "{905602CE-60D0-4890-8E39-1FA7E695DD2E}"
EndProject
Project("{2150E333-8FDC-42A3-9474-1A3956D46DE8}") = "examples", "examples", "{9CB50C3F-3B44-4DD3-8FD2-5EA9544CF395}"
EndProject
Project("{FAE04EC0-301F-11D3-BF4B-00C04F79EFBC}") = "cs101-master-balanced", "examples\cs101-master-balanced\cs101-master-balanced.csproj", "{717E2D6B-6D95-4124-9BDC-25D6A4C2DAA1}"
EndProject
Project("{FAE04EC0-301F-11D3-BF4B-00C04F79EFBC}") = "cs101-master-unbalanced", "examples\cs101-master-unbalanced\cs101-master-unbalanced.csproj", "{C7A70451-4FA3-44BC-B49E-216B08ED7201}"
EndProject
Project("{FAE04EC0-301F-11D3-BF4B-00C04F79EFBC}") = "cs101-slave-tcp", "examples\cs101-slave-tcp\cs101-slave-tcp.csproj", "{106A11C4-5599-4DF1-915F-4E7FE18E343C}"
EndProject
Project("{FAE04EC0-301F-11D3-BF4B-00C04F79EFBC}") = "cs104-client1", "examples\cs104-client1\cs104-client1.csproj", "{E14DCD9B-70ED-4CF5-86C9-7F69CE70C0BC}"
EndProject
Project("{FAE04EC0-301F-11D3-BF4B-00C04F79EFBC}") = "cs104-client3", "examples\cs104-client3\cs104-client3.csproj", "{11E506C3-07F7-472A-BB79-E19BBA703E38}"
EndProject
Project("{FAE04EC0-301F-11D3-BF4B-00C04F79EFBC}") = "cs104-multi-client-server", "examples\cs104-multi-client-server\cs104-multi-client-server.csproj", "{7705E4BB-975D-4B37-93DD-58923142D395}"
EndProject
Project("{FAE04EC0-301F-11D3-BF4B-00C04F79EFBC}") = "cs104-server", "examples\cs104-server\cs104-server.csproj", "{54148FF3-92E5-492E-AC2F-089BCED919CE}"
EndProject
Project("{FAE04EC0-301F-11D3-BF4B-00C04F79EFBC}") = "cs104-server3", "examples\cs104-server3\cs104-server3.csproj", "{96E1778C-ED0A-4A82-9933-0333AB527F3A}"
EndProject
Project("{FAE04EC0-301F-11D3-BF4B-00C04F79EFBC}") = "cs104-tls-client", "examples\cs104-tls-client\cs104-tls-client.csproj", "{C4909200-17C6-4705-81A6-C78AE9998808}"
EndProject
Project("{FAE04EC0-301F-11D3-BF4B-00C04F79EFBC}") = "cs101-master-tcp", "examples\cs101-master-tcp\cs101-master-tcp.csproj", "{AA2D0F91-1D03-4F6C-8F65-D5D7862CD4EA}"
EndProject
Project("{FAE04EC0-301F-11D3-BF4B-00C04F79EFBC}") = "cs101-slave-balanced", "examples\cs101-slave-balanced\cs101-slave-balanced.csproj", "{2572DCFC-CA06-4442-B40C-076F3C88C62B}"
EndProject
Project("{FAE04EC0-301F-11D3-BF4B-00C04F79EFBC}") = "cs101-slave-unbalanced", "examples\cs101-slave-unbalanced\cs101-slave-unbalanced.csproj", "{8BB7EAB4-AEDE-4552-8370-9C3F0E8E1EE5}"
EndProject
Project("{FAE04EC0-301F-11D3-BF4B-00C04F79EFBC}") = "cs104-client2", "examples\cs104-client2\cs104-client2.csproj", "{A7F150EB-E49D-43D9-A151-82E56B4507E6}"
EndProject
Project("{FAE04EC0-301F-11D3-BF4B-00C04F79EFBC}") = "cs104-client-file-upload", "examples\cs104-client-file-upload\cs104-client-file-upload.csproj", "{55B371B9-ABDA-4DFC-8F78-8B4A37B31F5A}"
EndProject
Project("{FAE04EC0-301F-11D3-BF4B-00C04F79EFBC}") = "cs104-redundancy-server", "examples\cs104-redundancy-server\cs104-redundancy-server.csproj", "{3CBBD8D0-153C-4837-A13B-F0020D2A3AE1}"
EndProject
Project("{FAE04EC0-301F-11D3-BF4B-00C04F79EFBC}") = "cs104-server2", "examples\cs104-server2\cs104-server2.csproj", "{363E56EF-108A-4158-97BB-1EEF8192DCE2}"
EndProject
Project("{FAE04EC0-301F-11D3-BF4B-00C04F79EFBC}") = "cs104-server-file", "examples\cs104-server-file\cs104-server-file.csproj", "{A1F0FD8D-47EB-4552-AFBB-41B113259AE4}"
EndProject
Project("{FAE04EC0-301F-11D3-BF4B-00C04F79EFBC}") = "cs104-tls-server", "examples\cs104-tls-server\cs104-tls-server.csproj", "{A4EC8041-ADB8-4865-A08D-9DDBDF77DF31}"
EndProject
Project("{FAE04EC0-301F-11D3-BF4B-00C04F79EFBC}") = "lib60870-tests", "tests\lib60870-tests.csproj", "{5B51173A-6029-4932-8386-19B19B2A5285}"
EndProject
Global
	GlobalSection(SolutionConfigurationPlatforms) = preSolution
		Debug|Any CPU = Debug|Any CPU
		Release|Any CPU = Release|Any CPU
	EndGlobalSection
	GlobalSection(SolutionProperties) = preSolution
		HideSolutionNode = FALSE
	EndGlobalSection
	GlobalSection(ProjectConfigurationPlatforms) = postSolution
		{905602CE-60D0-4890-8E39-1FA7E695DD2E}.Debug|Any CPU.ActiveCfg = Debug|Any CPU
		{905602CE-60D0-4890-8E39-1FA7E695DD2E}.Debug|Any CPU.Build.0 = Debug|Any CPU
		{905602CE-60D0-4890-8E39-1FA7E695DD2E}.Release|Any CPU.ActiveCfg = Debug|Any CPU
		{905602CE-60D0-4890-8E39-1FA7E695DD2E}.Release|Any CPU.Build.0 = Debug|Any CPU
		{717E2D6B-6D95-4124-9BDC-25D6A4C2DAA1}.Debug|Any CPU.ActiveCfg = Debug|Any CPU
		{717E2D6B-6D95-4124-9BDC-25D6A4C2DAA1}.Debug|Any CPU.Build.0 = Debug|Any CPU
		{717E2D6B-6D95-4124-9BDC-25D6A4C2DAA1}.Release|Any CPU.ActiveCfg = Release|Any CPU
		{717E2D6B-6D95-4124-9BDC-25D6A4C2DAA1}.Release|Any CPU.Build.0 = Release|Any CPU
		{C7A70451-4FA3-44BC-B49E-216B08ED7201}.Debug|Any CPU.ActiveCfg = Debug|Any CPU
		{C7A70451-4FA3-44BC-B49E-216B08ED7201}.Debug|Any CPU.Build.0 = Debug|Any CPU
		{C7A70451-4FA3-44BC-B49E-216B08ED7201}.Release|Any CPU.ActiveCfg = Release|Any CPU
		{C7A70451-4FA3-44BC-B49E-216B08ED7201}.Release|Any CPU.Build.0 = Release|Any CPU
		{106A11C4-5599-4DF1-915F-4E7FE18E343C}.Debug|Any CPU.ActiveCfg = Debug|Any CPU
		{106A11C4-5599-4DF1-915F-4E7FE18E343C}.Debug|Any CPU.Build.0 = Debug|Any CPU
		{106A11C4-5599-4DF1-915F-4E7FE18E343C}.Release|Any CPU.ActiveCfg = Release|Any CPU
		{106A11C4-5599-4DF1-915F-4E7FE18E343C}.Release|Any CPU.Build.0 = Release|Any CPU
		{E14DCD9B-70ED-4CF5-86C9-7F69CE70C0BC}.Debug|Any CPU.ActiveCfg = Debug|Any CPU
		{E14DCD9B-70ED-4CF5-86C9-7F69CE70C0BC}.Debug|Any CPU.Build.0 = Debug|Any CPU
		{E14DCD9B-70ED-4CF5-86C9-7F69CE70C0BC}.Release|Any CPU.ActiveCfg = Release|Any CPU
		{E14DCD9B-70ED-4CF5-86C9-7F69CE70C0BC}.Release|Any CPU.Build.0 = Release|Any CPU
		{11E506C3-07F7-472A-BB79-E19BBA703E38}.Debug|Any CPU.ActiveCfg = Debug|Any CPU
		{11E506C3-07F7-472A-BB79-E19BBA703E38}.Debug|Any CPU.Build.0 = Debug|Any CPU
		{11E506C3-07F7-472A-BB79-E19BBA703E38}.Release|Any CPU.ActiveCfg = Release|Any CPU
		{11E506C3-07F7-472A-BB79-E19BBA703E38}.Release|Any CPU.Build.0 = Release|Any CPU
		{7705E4BB-975D-4B37-93DD-58923142D395}.Debug|Any CPU.ActiveCfg = Debug|Any CPU
		{7705E4BB-975D-4B37-93DD-58923142D395}.Debug|Any CPU.Build.0 = Debug|Any CPU
		{7705E4BB-975D-4B37-93DD-58923142D395}.Release|Any CPU.ActiveCfg = Release|Any CPU
		{7705E4BB-975D-4B37-93DD-58923142D395}.Release|Any CPU.Build.0 = Release|Any CPU
		{54148FF3-92E5-492E-AC2F-089BCED919CE}.Debug|Any CPU.ActiveCfg = Debug|Any CPU
		{54148FF3-92E5-492E-AC2F-089BCED919CE}.Debug|Any CPU.Build.0 = Debug|Any CPU
		{54148FF3-92E5-492E-AC2F-089BCED919CE}.Release|Any CPU.ActiveCfg = Release|Any CPU
		{54148FF3-92E5-492E-AC2F-089BCED919CE}.Release|Any CPU.Build.0 = Release|Any CPU
		{96E1778C-ED0A-4A82-9933-0333AB527F3A}.Debug|Any CPU.ActiveCfg = Debug|Any CPU
		{96E1778C-ED0A-4A82-9933-0333AB527F3A}.Debug|Any CPU.Build.0 = Debug|Any CPU
		{96E1778C-ED0A-4A82-9933-0333AB527F3A}.Release|Any CPU.ActiveCfg = Release|Any CPU
		{96E1778C-ED0A-4A82-9933-0333AB527F3A}.Release|Any CPU.Build.0 = Release|Any CPU
		{C4909200-17C6-4705-81A6-C78AE9998808}.Debug|Any CPU.ActiveCfg = Debug|Any CPU
		{C4909200-17C6-4705-81A6-C78AE9998808}.Debug|Any CPU.Build.0 = Debug|Any CPU
		{C4909200-17C6-4705-81A6-C78AE9998808}.Release|Any CPU.ActiveCfg = Release|Any CPU
		{C4909200-17C6-4705-81A6-C78AE9998808}.Release|Any CPU.Build.0 = Release|Any CPU
		{AA2D0F91-1D03-4F6C-8F65-D5D7862CD4EA}.Debug|Any CPU.ActiveCfg = Debug|Any CPU
		{AA2D0F91-1D03-4F6C-8F65-D5D7862CD4EA}.Debug|Any CPU.Build.0 = Debug|Any CPU
		{AA2D0F91-1D03-4F6C-8F65-D5D7862CD4EA}.Release|Any CPU.ActiveCfg = Release|Any CPU
		{AA2D0F91-1D03-4F6C-8F65-D5D7862CD4EA}.Release|Any CPU.Build.0 = Release|Any CPU
		{2572DCFC-CA06-4442-B40C-076F3C88C62B}.Debug|Any CPU.ActiveCfg = Debug|Any CPU
		{2572DCFC-CA06-4442-B40C-076F3C88C62B}.Debug|Any CPU.Build.0 = Debug|Any CPU
		{2572DCFC-CA06-4442-B40C-076F3C88C62B}.Release|Any CPU.ActiveCfg = Debug|Any CPU
		{2572DCFC-CA06-4442-B40C-076F3C88C62B}.Release|Any CPU.Build.0 = Debug|Any CPU
		{8BB7EAB4-AEDE-4552-8370-9C3F0E8E1EE5}.Debug|Any CPU.ActiveCfg = Debug|Any CPU
		{8BB7EAB4-AEDE-4552-8370-9C3F0E8E1EE5}.Debug|Any CPU.Build.0 = Debug|Any CPU
		{8BB7EAB4-AEDE-4552-8370-9C3F0E8E1EE5}.Release|Any CPU.ActiveCfg = Release|Any CPU
		{8BB7EAB4-AEDE-4552-8370-9C3F0E8E1EE5}.Release|Any CPU.Build.0 = Release|Any CPU
		{A7F150EB-E49D-43D9-A151-82E56B4507E6}.Debug|Any CPU.ActiveCfg = Debug|Any CPU
		{A7F150EB-E49D-43D9-A151-82E56B4507E6}.Debug|Any CPU.Build.0 = Debug|Any CPU
		{A7F150EB-E49D-43D9-A151-82E56B4507E6}.Release|Any CPU.ActiveCfg = Release|Any CPU
		{A7F150EB-E49D-43D9-A151-82E56B4507E6}.Release|Any CPU.Build.0 = Release|Any CPU
		{55B371B9-ABDA-4DFC-8F78-8B4A37B31F5A}.Debug|Any CPU.ActiveCfg = Debug|Any CPU
		{55B371B9-ABDA-4DFC-8F78-8B4A37B31F5A}.Debug|Any CPU.Build.0 = Debug|Any CPU
		{55B371B9-ABDA-4DFC-8F78-8B4A37B31F5A}.Release|Any CPU.ActiveCfg = Release|Any CPU
		{55B371B9-ABDA-4DFC-8F78-8B4A37B31F5A}.Release|Any CPU.Build.0 = Release|Any CPU
		{3CBBD8D0-153C-4837-A13B-F0020D2A3AE1}.Debug|Any CPU.ActiveCfg = Debug|Any CPU
		{3CBBD8D0-153C-4837-A13B-F0020D2A3AE1}.Debug|Any CPU.Build.0 = Debug|Any CPU
		{3CBBD8D0-153C-4837-A13B-F0020D2A3AE1}.Release|Any CPU.ActiveCfg = Release|Any CPU
		{3CBBD8D0-153C-4837-A13B-F0020D2A3AE1}.Release|Any CPU.Build.0 = Release|Any CPU
		{363E56EF-108A-4158-97BB-1EEF8192DCE2}.Debug|Any CPU.ActiveCfg = Debug|Any CPU
		{363E56EF-108A-4158-97BB-1EEF8192DCE2}.Debug|Any CPU.Build.0 = Debug|Any CPU
		{363E56EF-108A-4158-97BB-1EEF8192DCE2}.Release|Any CPU.ActiveCfg = Release|Any CPU
		{363E56EF-108A-4158-97BB-1EEF8192DCE2}.Release|Any CPU.Build.0 = Release|Any CPU
		{A1F0FD8D-47EB-4552-AFBB-41B113259AE4}.Debug|Any CPU.ActiveCfg = Debug|Any CPU
		{A1F0FD8D-47EB-4552-AFBB-41B113259AE4}.Debug|Any CPU.Build.0 = Debug|Any CPU
		{A1F0FD8D-47EB-4552-AFBB-41B113259AE4}.Release|Any CPU.ActiveCfg = Release|Any CPU
		{A1F0FD8D-47EB-4552-AFBB-41B113259AE4}.Release|Any CPU.Build.0 = Release|Any CPU
		{A4EC8041-ADB8-4865-A08D-9DDBDF77DF31}.Debug|Any CPU.ActiveCfg = Debug|Any CPU
		{A4EC8041-ADB8-4865-A08D-9DDBDF77DF31}.Debug|Any CPU.Build.0 = Debug|Any CPU
		{A4EC8041-ADB8-4865-A08D-9DDBDF77DF31}.Release|Any CPU.ActiveCfg = Release|Any CPU
		{A4EC8041-ADB8-4865-A08D-9DDBDF77DF31}.Release|Any CPU.Build.0 = Release|Any CPU
		{5B51173A-6029-4932-8386-19B19B2A5285}.Debug|Any CPU.ActiveCfg = Debug|Any CPU
		{5B51173A-6029-4932-8386-19B19B2A5285}.Debug|Any CPU.Build.0 = Debug|Any CPU
		{5B51173A-6029-4932-8386-19B19B2A5285}.Release|Any CPU.ActiveCfg = Release|Any CPU
		{5B51173A-6029-4932-8386-19B19B2A5285}.Release|Any CPU.Build.0 = Release|Any CPU
	EndGlobalSection
	GlobalSection(NestedProjects) = preSolution
		{717E2D6B-6D95-4124-9BDC-25D6A4C2DAA1} = {9CB50C3F-3B44-4DD3-8FD2-5EA9544CF395}
		{C7A70451-4FA3-44BC-B49E-216B08ED7201} = {9CB50C3F-3B44-4DD3-8FD2-5EA9544CF395}
		{106A11C4-5599-4DF1-915F-4E7FE18E343C} = {9CB50C3F-3B44-4DD3-8FD2-5EA9544CF395}
		{E14DCD9B-70ED-4CF5-86C9-7F69CE70C0BC} = {9CB50C3F-3B44-4DD3-8FD2-5EA9544CF395}
		{11E506C3-07F7-472A-BB79-E19BBA703E38} = {9CB50C3F-3B44-4DD3-8FD2-5EA9544CF395}
		{7705E4BB-975D-4B37-93DD-58923142D395} = {9CB50C3F-3B44-4DD3-8FD2-5EA9544CF395}
		{54148FF3-92E5-492E-AC2F-089BCED919CE} = {9CB50C3F-3B44-4DD3-8FD2-5EA9544CF395}
		{96E1778C-ED0A-4A82-9933-0333AB527F3A} = {9CB50C3F-3B44-4DD3-8FD2-5EA9544CF395}
		{C4909200-17C6-4705-81A6-C78AE9998808} = {9CB50C3F-3B44-4DD3-8FD2-5EA9544CF395}
		{AA2D0F91-1D03-4F6C-8F65-D5D7862CD4EA} = {9CB50C3F-3B44-4DD3-8FD2-5EA9544CF395}
		{2572DCFC-CA06-4442-B40C-076F3C88C62B} = {9CB50C3F-3B44-4DD3-8FD2-5EA9544CF395}
		{8BB7EAB4-AEDE-4552-8370-9C3F0E8E1EE5} = {9CB50C3F-3B44-4DD3-8FD2-5EA9544CF395}
		{A7F150EB-E49D-43D9-A151-82E56B4507E6} = {9CB50C3F-3B44-4DD3-8FD2-5EA9544CF395}
		{55B371B9-ABDA-4DFC-8F78-8B4A37B31F5A} = {9CB50C3F-3B44-4DD3-8FD2-5EA9544CF395}
		{3CBBD8D0-153C-4837-A13B-F0020D2A3AE1} = {9CB50C3F-3B44-4DD3-8FD2-5EA9544CF395}
		{363E56EF-108A-4158-97BB-1EEF8192DCE2} = {9CB50C3F-3B44-4DD3-8FD2-5EA9544CF395}
		{A1F0FD8D-47EB-4552-AFBB-41B113259AE4} = {9CB50C3F-3B44-4DD3-8FD2-5EA9544CF395}
		{A4EC8041-ADB8-4865-A08D-9DDBDF77DF31} = {9CB50C3F-3B44-4DD3-8FD2-5EA9544CF395}
	EndGlobalSection
EndGlobal
