
Microsoft Visual Studio Solution File, Format Version 12.00
# Visual Studio 15
VisualStudioVersion = 15.0.27130.2010
MinimumVisualStudioVersion = 10.0.40219.1
Project("{9A19103F-16F7-4668-BE54-9A1E7A4F7556}") = "lib60870.NET.CORE.2.0", "lib60870.NET.CORE.2.0\lib60870.NET.CORE.2.0.csproj", "{2F7ECCB0-53BC-4C2A-8312-6621A09D86FF}"
EndProject
Project("{9A19103F-16F7-4668-BE54-9A1E7A4F7556}") = "cs104-server", "cs104-server\cs104-server.csproj", "{A93D09C5-AA1E-40A8-9EC4-E7A464AC5C49}"
EndProject
Project("{9A19103F-16F7-4668-BE54-9A1E7A4F7556}") = "cs104-server2", "cs104-server2\cs104-server2.csproj", "{2D2C90E4-C0CC-4769-B49E-757E220722AA}"
EndProject
Project("{9A19103F-16F7-4668-BE54-9A1E7A4F7556}") = "cs104-server3", "cs104-server3\cs104-server3.csproj", "{520C1035-6EDF-45BC-A428-2B4A09ACF577}"
EndProject
Project("{9A19103F-16F7-4668-BE54-9A1E7A4F7556}") = "cs104-client1", "cs104-client1\cs104-client1.csproj", "{7E1911E3-4FFA-4428-9DE8-36B6809C31FD}"
EndProject
Project("{9A19103F-16F7-4668-BE54-9A1E7A4F7556}") = "cs104-client2", "cs104-client2\cs104-client2.csproj", "{EC358022-FCBC-4030-ABF9-4499EF740474}"
EndProject
Project("{9A19103F-16F7-4668-BE54-9A1E7A4F7556}") = "cs104-client3", "cs104-client3\cs104-client3.csproj", "{165E928A-2F76-4164-8618-48DA3E3A592D}"
EndProject
Project("{9A19103F-16F7-4668-BE54-9A1E7A4F7556}") = "cs104-server-file", "cs104-server-file\cs104-server-file.csproj", "{F3C077CE-9AE1-42D6-9406-E9EACB33BCFF}"
EndProject
Project("{9A19103F-16F7-4668-BE54-9A1E7A4F7556}") = "cs104-tls-server", "cs104-tls-server\cs104-tls-server.csproj", "{B4C58296-B279-4982-91C4-3BA335A0BA3C}"
EndProject
Project("{9A19103F-16F7-4668-BE54-9A1E7A4F7556}") = "cs104-tls-client", "cs104-tls-client\cs104-tls-client.csproj", "{35B0BF0C-635C-4F18-ACCF-FE0E105A09F1}"
EndProject
Project("{9A19103F-16F7-4668-BE54-9A1E7A4F7556}") = "cs104-multi-client-server", "cs104-multi-client-server\cs104-multi-client-server.csproj", "{08A0D27B-5C39-48CB-9075-22ACCF9719DF}"
EndProject
Project("{9A19103F-16F7-4668-BE54-9A1E7A4F7556}") = "lib60870-tests", "lib60870-tests\lib60870-tests.csproj", "{559ABB6B-C6D3-47C1-BE37-35F94FE1A430}"
EndProject
Global
	GlobalSection(SolutionConfigurationPlatforms) = preSolution
		Debug|Any CPU = Debug|Any CPU
		Debug|x64 = Debug|x64
		Release|Any CPU = Release|Any CPU
		Release|x64 = Release|x64
	EndGlobalSection
	GlobalSection(ProjectConfigurationPlatforms) = postSolution
		{2F7ECCB0-53BC-4C2A-8312-6621A09D86FF}.Debug|Any CPU.ActiveCfg = Debug|Any CPU
		{2F7ECCB0-53BC-4C2A-8312-6621A09D86FF}.Debug|Any CPU.Build.0 = Debug|Any CPU
		{2F7ECCB0-53BC-4C2A-8312-6621A09D86FF}.Debug|x64.ActiveCfg = Debug|Any CPU
		{2F7ECCB0-53BC-4C2A-8312-6621A09D86FF}.Debug|x64.Build.0 = Debug|Any CPU
		{2F7ECCB0-53BC-4C2A-8312-6621A09D86FF}.Release|Any CPU.ActiveCfg = Release|Any CPU
		{2F7ECCB0-53BC-4C2A-8312-6621A09D86FF}.Release|Any CPU.Build.0 = Release|Any CPU
		{2F7ECCB0-53BC-4C2A-8312-6621A09D86FF}.Release|x64.ActiveCfg = Release|Any CPU
		{2F7ECCB0-53BC-4C2A-8312-6621A09D86FF}.Release|x64.Build.0 = Release|Any CPU
		{A93D09C5-AA1E-40A8-9EC4-E7A464AC5C49}.Debug|Any CPU.ActiveCfg = Debug|Any CPU
		{A93D09C5-AA1E-40A8-9EC4-E7A464AC5C49}.Debug|Any CPU.Build.0 = Debug|Any CPU
		{A93D09C5-AA1E-40A8-9EC4-E7A464AC5C49}.Debug|x64.ActiveCfg = Debug|Any CPU
		{A93D09C5-AA1E-40A8-9EC4-E7A464AC5C49}.Debug|x64.Build.0 = Debug|Any CPU
		{A93D09C5-AA1E-40A8-9EC4-E7A464AC5C49}.Release|Any CPU.ActiveCfg = Release|Any CPU
		{A93D09C5-AA1E-40A8-9EC4-E7A464AC5C49}.Release|Any CPU.Build.0 = Release|Any CPU
		{A93D09C5-AA1E-40A8-9EC4-E7A464AC5C49}.Release|x64.ActiveCfg = Release|Any CPU
		{A93D09C5-AA1E-40A8-9EC4-E7A464AC5C49}.Release|x64.Build.0 = Release|Any CPU
		{2D2C90E4-C0CC-4769-B49E-757E220722AA}.Debug|Any CPU.ActiveCfg = Debug|Any CPU
		{2D2C90E4-C0CC-4769-B49E-757E220722AA}.Debug|Any CPU.Build.0 = Debug|Any CPU
		{2D2C90E4-C0CC-4769-B49E-757E220722AA}.Debug|x64.ActiveCfg = Debug|Any CPU
		{2D2C90E4-C0CC-4769-B49E-757E220722AA}.Debug|x64.Build.0 = Debug|Any CPU
		{2D2C90E4-C0CC-4769-B49E-757E220722AA}.Release|Any CPU.ActiveCfg = Release|Any CPU
		{2D2C90E4-C0CC-4769-B49E-757E220722AA}.Release|Any CPU.Build.0 = Release|Any CPU
		{2D2C90E4-C0CC-4769-B49E-757E220722AA}.Release|x64.ActiveCfg = Release|Any CPU
		{2D2C90E4-C0CC-4769-B49E-757E220722AA}.Release|x64.Build.0 = Release|Any CPU
		{520C1035-6EDF-45BC-A428-2B4A09ACF577}.Debug|Any CPU.ActiveCfg = Debug|Any CPU
		{520C1035-6EDF-45BC-A428-2B4A09ACF577}.Debug|Any CPU.Build.0 = Debug|Any CPU
		{520C1035-6EDF-45BC-A428-2B4A09ACF577}.Debug|x64.ActiveCfg = Debug|Any CPU
		{520C1035-6EDF-45BC-A428-2B4A09ACF577}.Debug|x64.Build.0 = Debug|Any CPU
		{520C1035-6EDF-45BC-A428-2B4A09ACF577}.Release|Any CPU.ActiveCfg = Release|Any CPU
		{520C1035-6EDF-45BC-A428-2B4A09ACF577}.Release|Any CPU.Build.0 = Release|Any CPU
		{520C1035-6EDF-45BC-A428-2B4A09ACF577}.Release|x64.ActiveCfg = Release|Any CPU
		{520C1035-6EDF-45BC-A428-2B4A09ACF577}.Release|x64.Build.0 = Release|Any CPU
		{7E1911E3-4FFA-4428-9DE8-36B6809C31FD}.Debug|Any CPU.ActiveCfg = Debug|Any CPU
		{7E1911E3-4FFA-4428-9DE8-36B6809C31FD}.Debug|Any CPU.Build.0 = Debug|Any CPU
		{7E1911E3-4FFA-4428-9DE8-36B6809C31FD}.Debug|x64.ActiveCfg = Debug|Any CPU
		{7E1911E3-4FFA-4428-9DE8-36B6809C31FD}.Debug|x64.Build.0 = Debug|Any CPU
		{7E1911E3-4FFA-4428-9DE8-36B6809C31FD}.Release|Any CPU.ActiveCfg = Release|Any CPU
		{7E1911E3-4FFA-4428-9DE8-36B6809C31FD}.Release|Any CPU.Build.0 = Release|Any CPU
		{7E1911E3-4FFA-4428-9DE8-36B6809C31FD}.Release|x64.ActiveCfg = Release|Any CPU
		{7E1911E3-4FFA-4428-9DE8-36B6809C31FD}.Release|x64.Build.0 = Release|Any CPU
		{EC358022-FCBC-4030-ABF9-4499EF740474}.Debug|Any CPU.ActiveCfg = Debug|Any CPU
		{EC358022-FCBC-4030-ABF9-4499EF740474}.Debug|Any CPU.Build.0 = Debug|Any CPU
		{EC358022-FCBC-4030-ABF9-4499EF740474}.Debug|x64.ActiveCfg = Debug|Any CPU
		{EC358022-FCBC-4030-ABF9-4499EF740474}.Debug|x64.Build.0 = Debug|Any CPU
		{EC358022-FCBC-4030-ABF9-4499EF740474}.Release|Any CPU.ActiveCfg = Release|Any CPU
		{EC358022-FCBC-4030-ABF9-4499EF740474}.Release|Any CPU.Build.0 = Release|Any CPU
		{EC358022-FCBC-4030-ABF9-4499EF740474}.Release|x64.ActiveCfg = Release|Any CPU
		{EC358022-FCBC-4030-ABF9-4499EF740474}.Release|x64.Build.0 = Release|Any CPU
		{165E928A-2F76-4164-8618-48DA3E3A592D}.Debug|Any CPU.ActiveCfg = Debug|Any CPU
		{165E928A-2F76-4164-8618-48DA3E3A592D}.Debug|Any CPU.Build.0 = Debug|Any CPU
		{165E928A-2F76-4164-8618-48DA3E3A592D}.Debug|x64.ActiveCfg = Debug|Any CPU
		{165E928A-2F76-4164-8618-48DA3E3A592D}.Debug|x64.Build.0 = Debug|Any CPU
		{165E928A-2F76-4164-8618-48DA3E3A592D}.Release|Any CPU.ActiveCfg = Release|Any CPU
		{165E928A-2F76-4164-8618-48DA3E3A592D}.Release|Any CPU.Build.0 = Release|Any CPU
		{165E928A-2F76-4164-8618-48DA3E3A592D}.Release|x64.ActiveCfg = Release|Any CPU
		{165E928A-2F76-4164-8618-48DA3E3A592D}.Release|x64.Build.0 = Release|Any CPU
		{F3C077CE-9AE1-42D6-9406-E9EACB33BCFF}.Debug|Any CPU.ActiveCfg = Debug|Any CPU
		{F3C077CE-9AE1-42D6-9406-E9EACB33BCFF}.Debug|Any CPU.Build.0 = Debug|Any CPU
		{F3C077CE-9AE1-42D6-9406-E9EACB33BCFF}.Debug|x64.ActiveCfg = Debug|Any CPU
		{F3C077CE-9AE1-42D6-9406-E9EACB33BCFF}.Debug|x64.Build.0 = Debug|Any CPU
		{F3C077CE-9AE1-42D6-9406-E9EACB33BCFF}.Release|Any CPU.ActiveCfg = Release|Any CPU
		{F3C077CE-9AE1-42D6-9406-E9EACB33BCFF}.Release|Any CPU.Build.0 = Release|Any CPU
		{F3C077CE-9AE1-42D6-9406-E9EACB33BCFF}.Release|x64.ActiveCfg = Release|Any CPU
		{F3C077CE-9AE1-42D6-9406-E9EACB33BCFF}.Release|x64.Build.0 = Release|Any CPU
		{B4C58296-B279-4982-91C4-3BA335A0BA3C}.Debug|Any CPU.ActiveCfg = Debug|Any CPU
		{B4C58296-B279-4982-91C4-3BA335A0BA3C}.Debug|Any CPU.Build.0 = Debug|Any CPU
		{B4C58296-B279-4982-91C4-3BA335A0BA3C}.Debug|x64.ActiveCfg = Debug|Any CPU
		{B4C58296-B279-4982-91C4-3BA335A0BA3C}.Debug|x64.Build.0 = Debug|Any CPU
		{B4C58296-B279-4982-91C4-3BA335A0BA3C}.Release|Any CPU.ActiveCfg = Release|Any CPU
		{B4C58296-B279-4982-91C4-3BA335A0BA3C}.Release|Any CPU.Build.0 = Release|Any CPU
		{B4C58296-B279-4982-91C4-3BA335A0BA3C}.Release|x64.ActiveCfg = Release|Any CPU
		{B4C58296-B279-4982-91C4-3BA335A0BA3C}.Release|x64.Build.0 = Release|Any CPU
		{35B0BF0C-635C-4F18-ACCF-FE0E105A09F1}.Debug|Any CPU.ActiveCfg = Debug|Any CPU
		{35B0BF0C-635C-4F18-ACCF-FE0E105A09F1}.Debug|Any CPU.Build.0 = Debug|Any CPU
		{35B0BF0C-635C-4F18-ACCF-FE0E105A09F1}.Debug|x64.ActiveCfg = Debug|Any CPU
		{35B0BF0C-635C-4F18-ACCF-FE0E105A09F1}.Debug|x64.Build.0 = Debug|Any CPU
		{35B0BF0C-635C-4F18-ACCF-FE0E105A09F1}.Release|Any CPU.ActiveCfg = Release|Any CPU
		{35B0BF0C-635C-4F18-ACCF-FE0E105A09F1}.Release|Any CPU.Build.0 = Release|Any CPU
		{35B0BF0C-635C-4F18-ACCF-FE0E105A09F1}.Release|x64.ActiveCfg = Release|Any CPU
		{35B0BF0C-635C-4F18-ACCF-FE0E105A09F1}.Release|x64.Build.0 = Release|Any CPU
		{08A0D27B-5C39-48CB-9075-22ACCF9719DF}.Debug|Any CPU.ActiveCfg = Debug|Any CPU
		{08A0D27B-5C39-48CB-9075-22ACCF9719DF}.Debug|Any CPU.Build.0 = Debug|Any CPU
		{08A0D27B-5C39-48CB-9075-22ACCF9719DF}.Debug|x64.ActiveCfg = Debug|Any CPU
		{08A0D27B-5C39-48CB-9075-22ACCF9719DF}.Debug|x64.Build.0 = Debug|Any CPU
		{08A0D27B-5C39-48CB-9075-22ACCF9719DF}.Release|Any CPU.ActiveCfg = Release|Any CPU
		{08A0D27B-5C39-48CB-9075-22ACCF9719DF}.Release|Any CPU.Build.0 = Release|Any CPU
		{08A0D27B-5C39-48CB-9075-22ACCF9719DF}.Release|x64.ActiveCfg = Release|Any CPU
		{08A0D27B-5C39-48CB-9075-22ACCF9719DF}.Release|x64.Build.0 = Release|Any CPU
		{559ABB6B-C6D3-47C1-BE37-35F94FE1A430}.Debug|Any CPU.ActiveCfg = Debug|Any CPU
		{559ABB6B-C6D3-47C1-BE37-35F94FE1A430}.Debug|Any CPU.Build.0 = Debug|Any CPU
		{559ABB6B-C6D3-47C1-BE37-35F94FE1A430}.Debug|x64.ActiveCfg = Debug|x64
		{559ABB6B-C6D3-47C1-BE37-35F94FE1A430}.Debug|x64.Build.0 = Debug|x64
		{559ABB6B-C6D3-47C1-BE37-35F94FE1A430}.Release|Any CPU.ActiveCfg = Release|Any CPU
		{559ABB6B-C6D3-47C1-BE37-35F94FE1A430}.Release|Any CPU.Build.0 = Release|Any CPU
		{559ABB6B-C6D3-47C1-BE37-35F94FE1A430}.Release|x64.ActiveCfg = Release|x64
		{559ABB6B-C6D3-47C1-BE37-35F94FE1A430}.Release|x64.Build.0 = Release|x64
	EndGlobalSection
	GlobalSection(SolutionProperties) = preSolution
		HideSolutionNode = FALSE
	EndGlobalSection
	GlobalSection(ExtensibilityGlobals) = postSolution
		SolutionGuid = {A46A0751-8900-4D45-A528-9363298D6E38}
	EndGlobalSection
EndGlobal
