
Microsoft Visual Studio Solution File, Format Version 12.00
# Visual Studio 15
VisualStudioVersion = 15.0.28307.757
MinimumVisualStudioVersion = 10.0.40219.1
Project("{9A19103F-16F7-4668-BE54-9A1E7A4F7556}") = "lib60870", "lib60870\lib60870.csproj", "{CC9BBADD-49E5-4490-A01A-4229025375C0}"
EndProject
Project("{9A19103F-16F7-4668-BE54-9A1E7A4F7556}") = "lib60870-tests", "tests\lib60870-tests\lib60870-tests.csproj", "{FAC9BBAF-8CED-4522-8185-90EA737FAA9C}"
EndProject
Project("{9A19103F-16F7-4668-BE54-9A1E7A4F7556}") = "cs104-client1", "examples\cs104-client1\cs104-client1.csproj", "{7E24DB86-F003-4486-A98E-A6730C9D53C9}"
EndProject
Project("{9A19103F-16F7-4668-BE54-9A1E7A4F7556}") = "cs104-server", "examples\cs104-server\cs104-server.csproj", "{CA2701E5-C18F-4729-97DA-95B747CCE150}"
EndProject
Project("{9A19103F-16F7-4668-BE54-9A1E7A4F7556}") = "cs101-master-balanced", "examples\cs101-master-balanced\cs101-master-balanced.csproj", "{2B5D79FF-A079-4460-9796-42C69FC1617B}"
EndProject
Project("{9A19103F-16F7-4668-BE54-9A1E7A4F7556}") = "cs101-slave-balanced", "examples\cs101-slave-balanced\cs101-slave-balanced.csproj", "{BF47A399-AED7-434D-974D-DF6B5CB52063}"
EndProject
Project("{FAE04EC0-301F-11D3-BF4B-00C04F79EFBC}") = "cs101-master-tcp", "examples\cs101-master-tcp\cs101-master-tcp.csproj", "{B62B739F-CCAA-42C6-9818-D30F7059B14A}"
EndProject
Project("{9A19103F-16F7-4668-BE54-9A1E7A4F7556}") = "cs104-client2", "examples\cs104-client2\cs104-client2.csproj", "{E67EA5F0-081E-4C36-892D-D8244AB3DE3C}"
EndProject
Project("{FAE04EC0-301F-11D3-BF4B-00C04F79EFBC}") = "cs101-master-unbalanced", "examples\cs101-master-unbalanced\cs101-master-unbalanced.csproj", "{B18DB84A-7221-4BC8-AE2E-2FF5390F3594}"
EndProject
Project("{FAE04EC0-301F-11D3-BF4B-00C04F79EFBC}") = "cs101-slave-tcp", "examples\cs101-slave-tcp\cs101-slave-tcp.csproj", "{3EB3AD33-0F7F-4C96-BF19-827C934A5DEF}"
EndProject
Project("{FAE04EC0-301F-11D3-BF4B-00C04F79EFBC}") = "cs101-slave-unbalanced", "examples\cs101-slave-unbalanced\cs101-slave-unbalanced.csproj", "{49F1C34A-7EF2-412C-B1B7-0A04D3D591C0}"
EndProject
Project("{FAE04EC0-301F-11D3-BF4B-00C04F79EFBC}") = "cs104-client3", "examples\cs104-client3\cs104-client3.csproj", "{F457A6EB-6AE9-466D-8514-944A3C205735}"
EndProject
Project("{FAE04EC0-301F-11D3-BF4B-00C04F79EFBC}") = "cs104-client-file-upload", "examples\cs104-client-file-upload\cs104-client-file-upload.csproj", "{F43AE113-C30E-4C24-897D-E0474F15FE89}"
EndProject
Project("{FAE04EC0-301F-11D3-BF4B-00C04F79EFBC}") = "cs104-multi-client-server", "examples\cs104-multi-client-server\cs104-multi-client-server.csproj", "{76FBE3F8-D1BE-401B-9D3C-67F541EA5815}"
EndProject
Project("{FAE04EC0-301F-11D3-BF4B-00C04F79EFBC}") = "cs104-redundancy-server", "examples\cs104-redundancy-server\cs104-redundancy-server.csproj", "{505F5015-291D-4C91-ACCB-8C2D7310C9AC}"
EndProject
Project("{FAE04EC0-301F-11D3-BF4B-00C04F79EFBC}") = "cs104-server2", "examples\cs104-server2\cs104-server2.csproj", "{60BBA6DA-3C12-4E73-9884-474F992D5354}"
EndProject
Project("{FAE04EC0-301F-11D3-BF4B-00C04F79EFBC}") = "cs104-server3", "examples\cs104-server3\cs104-server3.csproj", "{705EBB15-8313-4A93-BD9D-B375D03E52F7}"
EndProject
Project("{FAE04EC0-301F-11D3-BF4B-00C04F79EFBC}") = "cs104-server-file", "examples\cs104-server-file\cs104-server-file.csproj", "{634F6450-ACD0-4D68-8D4E-11F9EE393E1E}"
EndProject
Project("{FAE04EC0-301F-11D3-BF4B-00C04F79EFBC}") = "cs104-tls-client", "examples\cs104-tls-client\cs104-tls-client.csproj", "{15724A7C-8D89-42F3-95B1-7B4D7B077DCB}"
EndProject
Project("{FAE04EC0-301F-11D3-BF4B-00C04F79EFBC}") = "cs104-tls-server", "examples\cs104-tls-server\cs104-tls-server.csproj", "{8BD43FEB-08E5-40D9-A603-9825ECD4619D}"
EndProject
Global
	GlobalSection(SolutionConfigurationPlatforms) = preSolution
		Debug|Any CPU = Debug|Any CPU
		Release|Any CPU = Release|Any CPU
	EndGlobalSection
	GlobalSection(ProjectConfigurationPlatforms) = postSolution
		{CC9BBADD-49E5-4490-A01A-4229025375C0}.Debug|Any CPU.ActiveCfg = Debug|Any CPU
		{CC9BBADD-49E5-4490-A01A-4229025375C0}.Debug|Any CPU.Build.0 = Debug|Any CPU
		{CC9BBADD-49E5-4490-A01A-4229025375C0}.Release|Any CPU.ActiveCfg = Release|Any CPU
		{CC9BBADD-49E5-4490-A01A-4229025375C0}.Release|Any CPU.Build.0 = Release|Any CPU
		{FAC9BBAF-8CED-4522-8185-90EA737FAA9C}.Debug|Any CPU.ActiveCfg = Debug|Any CPU
		{FAC9BBAF-8CED-4522-8185-90EA737FAA9C}.Debug|Any CPU.Build.0 = Debug|Any CPU
		{FAC9BBAF-8CED-4522-8185-90EA737FAA9C}.Release|Any CPU.ActiveCfg = Release|Any CPU
		{FAC9BBAF-8CED-4522-8185-90EA737FAA9C}.Release|Any CPU.Build.0 = Release|Any CPU
		{7E24DB86-F003-4486-A98E-A6730C9D53C9}.Debug|Any CPU.ActiveCfg = Debug|Any CPU
		{7E24DB86-F003-4486-A98E-A6730C9D53C9}.Debug|Any CPU.Build.0 = Debug|Any CPU
		{7E24DB86-F003-4486-A98E-A6730C9D53C9}.Release|Any CPU.ActiveCfg = Release|Any CPU
		{7E24DB86-F003-4486-A98E-A6730C9D53C9}.Release|Any CPU.Build.0 = Release|Any CPU
		{CA2701E5-C18F-4729-97DA-95B747CCE150}.Debug|Any CPU.ActiveCfg = Debug|Any CPU
		{CA2701E5-C18F-4729-97DA-95B747CCE150}.Debug|Any CPU.Build.0 = Debug|Any CPU
		{CA2701E5-C18F-4729-97DA-95B747CCE150}.Release|Any CPU.ActiveCfg = Release|Any CPU
		{CA2701E5-C18F-4729-97DA-95B747CCE150}.Release|Any CPU.Build.0 = Release|Any CPU
		{2B5D79FF-A079-4460-9796-42C69FC1617B}.Debug|Any CPU.ActiveCfg = Debug|Any CPU
		{2B5D79FF-A079-4460-9796-42C69FC1617B}.Debug|Any CPU.Build.0 = Debug|Any CPU
		{2B5D79FF-A079-4460-9796-42C69FC1617B}.Release|Any CPU.ActiveCfg = Release|Any CPU
		{2B5D79FF-A079-4460-9796-42C69FC1617B}.Release|Any CPU.Build.0 = Release|Any CPU
		{BF47A399-AED7-434D-974D-DF6B5CB52063}.Debug|Any CPU.ActiveCfg = Debug|Any CPU
		{BF47A399-AED7-434D-974D-DF6B5CB52063}.Debug|Any CPU.Build.0 = Debug|Any CPU
		{BF47A399-AED7-434D-974D-DF6B5CB52063}.Release|Any CPU.ActiveCfg = Release|Any CPU
		{BF47A399-AED7-434D-974D-DF6B5CB52063}.Release|Any CPU.Build.0 = Release|Any CPU
		{B62B739F-CCAA-42C6-9818-D30F7059B14A}.Debug|Any CPU.ActiveCfg = Debug|Any CPU
		{B62B739F-CCAA-42C6-9818-D30F7059B14A}.Debug|Any CPU.Build.0 = Debug|Any CPU
		{B62B739F-CCAA-42C6-9818-D30F7059B14A}.Release|Any CPU.ActiveCfg = Release|Any CPU
		{B62B739F-CCAA-42C6-9818-D30F7059B14A}.Release|Any CPU.Build.0 = Release|Any CPU
		{E67EA5F0-081E-4C36-892D-D8244AB3DE3C}.Debug|Any CPU.ActiveCfg = Debug|Any CPU
		{E67EA5F0-081E-4C36-892D-D8244AB3DE3C}.Debug|Any CPU.Build.0 = Debug|Any CPU
		{E67EA5F0-081E-4C36-892D-D8244AB3DE3C}.Release|Any CPU.ActiveCfg = Release|Any CPU
		{E67EA5F0-081E-4C36-892D-D8244AB3DE3C}.Release|Any CPU.Build.0 = Release|Any CPU
		{B18DB84A-7221-4BC8-AE2E-2FF5390F3594}.Debug|Any CPU.ActiveCfg = Debug|Any CPU
		{B18DB84A-7221-4BC8-AE2E-2FF5390F3594}.Debug|Any CPU.Build.0 = Debug|Any CPU
		{B18DB84A-7221-4BC8-AE2E-2FF5390F3594}.Release|Any CPU.ActiveCfg = Release|Any CPU
		{B18DB84A-7221-4BC8-AE2E-2FF5390F3594}.Release|Any CPU.Build.0 = Release|Any CPU
		{3EB3AD33-0F7F-4C96-BF19-827C934A5DEF}.Debug|Any CPU.ActiveCfg = Debug|Any CPU
		{3EB3AD33-0F7F-4C96-BF19-827C934A5DEF}.Debug|Any CPU.Build.0 = Debug|Any CPU
		{3EB3AD33-0F7F-4C96-BF19-827C934A5DEF}.Release|Any CPU.ActiveCfg = Release|Any CPU
		{3EB3AD33-0F7F-4C96-BF19-827C934A5DEF}.Release|Any CPU.Build.0 = Release|Any CPU
		{49F1C34A-7EF2-412C-B1B7-0A04D3D591C0}.Debug|Any CPU.ActiveCfg = Debug|Any CPU
		{49F1C34A-7EF2-412C-B1B7-0A04D3D591C0}.Debug|Any CPU.Build.0 = Debug|Any CPU
		{49F1C34A-7EF2-412C-B1B7-0A04D3D591C0}.Release|Any CPU.ActiveCfg = Release|Any CPU
		{49F1C34A-7EF2-412C-B1B7-0A04D3D591C0}.Release|Any CPU.Build.0 = Release|Any CPU
		{F457A6EB-6AE9-466D-8514-944A3C205735}.Debug|Any CPU.ActiveCfg = Debug|Any CPU
		{F457A6EB-6AE9-466D-8514-944A3C205735}.Debug|Any CPU.Build.0 = Debug|Any CPU
		{F457A6EB-6AE9-466D-8514-944A3C205735}.Release|Any CPU.ActiveCfg = Release|Any CPU
		{F457A6EB-6AE9-466D-8514-944A3C205735}.Release|Any CPU.Build.0 = Release|Any CPU
		{F43AE113-C30E-4C24-897D-E0474F15FE89}.Debug|Any CPU.ActiveCfg = Debug|Any CPU
		{F43AE113-C30E-4C24-897D-E0474F15FE89}.Debug|Any CPU.Build.0 = Debug|Any CPU
		{F43AE113-C30E-4C24-897D-E0474F15FE89}.Release|Any CPU.ActiveCfg = Release|Any CPU
		{F43AE113-C30E-4C24-897D-E0474F15FE89}.Release|Any CPU.Build.0 = Release|Any CPU
		{76FBE3F8-D1BE-401B-9D3C-67F541EA5815}.Debug|Any CPU.ActiveCfg = Debug|Any CPU
		{76FBE3F8-D1BE-401B-9D3C-67F541EA5815}.Debug|Any CPU.Build.0 = Debug|Any CPU
		{76FBE3F8-D1BE-401B-9D3C-67F541EA5815}.Release|Any CPU.ActiveCfg = Release|Any CPU
		{76FBE3F8-D1BE-401B-9D3C-67F541EA5815}.Release|Any CPU.Build.0 = Release|Any CPU
		{505F5015-291D-4C91-ACCB-8C2D7310C9AC}.Debug|Any CPU.ActiveCfg = Debug|Any CPU
		{505F5015-291D-4C91-ACCB-8C2D7310C9AC}.Debug|Any CPU.Build.0 = Debug|Any CPU
		{505F5015-291D-4C91-ACCB-8C2D7310C9AC}.Release|Any CPU.ActiveCfg = Release|Any CPU
		{505F5015-291D-4C91-ACCB-8C2D7310C9AC}.Release|Any CPU.Build.0 = Release|Any CPU
		{60BBA6DA-3C12-4E73-9884-474F992D5354}.Debug|Any CPU.ActiveCfg = Debug|Any CPU
		{60BBA6DA-3C12-4E73-9884-474F992D5354}.Debug|Any CPU.Build.0 = Debug|Any CPU
		{60BBA6DA-3C12-4E73-9884-474F992D5354}.Release|Any CPU.ActiveCfg = Release|Any CPU
		{60BBA6DA-3C12-4E73-9884-474F992D5354}.Release|Any CPU.Build.0 = Release|Any CPU
		{705EBB15-8313-4A93-BD9D-B375D03E52F7}.Debug|Any CPU.ActiveCfg = Debug|Any CPU
		{705EBB15-8313-4A93-BD9D-B375D03E52F7}.Debug|Any CPU.Build.0 = Debug|Any CPU
		{705EBB15-8313-4A93-BD9D-B375D03E52F7}.Release|Any CPU.ActiveCfg = Release|Any CPU
		{705EBB15-8313-4A93-BD9D-B375D03E52F7}.Release|Any CPU.Build.0 = Release|Any CPU
		{634F6450-ACD0-4D68-8D4E-11F9EE393E1E}.Debug|Any CPU.ActiveCfg = Debug|Any CPU
		{634F6450-ACD0-4D68-8D4E-11F9EE393E1E}.Debug|Any CPU.Build.0 = Debug|Any CPU
		{634F6450-ACD0-4D68-8D4E-11F9EE393E1E}.Release|Any CPU.ActiveCfg = Release|Any CPU
		{634F6450-ACD0-4D68-8D4E-11F9EE393E1E}.Release|Any CPU.Build.0 = Release|Any CPU
		{15724A7C-8D89-42F3-95B1-7B4D7B077DCB}.Debug|Any CPU.ActiveCfg = Debug|Any CPU
		{15724A7C-8D89-42F3-95B1-7B4D7B077DCB}.Debug|Any CPU.Build.0 = Debug|Any CPU
		{15724A7C-8D89-42F3-95B1-7B4D7B077DCB}.Release|Any CPU.ActiveCfg = Release|Any CPU
		{15724A7C-8D89-42F3-95B1-7B4D7B077DCB}.Release|Any CPU.Build.0 = Release|Any CPU
		{8BD43FEB-08E5-40D9-A603-9825ECD4619D}.Debug|Any CPU.ActiveCfg = Debug|Any CPU
		{8BD43FEB-08E5-40D9-A603-9825ECD4619D}.Debug|Any CPU.Build.0 = Debug|Any CPU
		{8BD43FEB-08E5-40D9-A603-9825ECD4619D}.Release|Any CPU.ActiveCfg = Release|Any CPU
		{8BD43FEB-08E5-40D9-A603-9825ECD4619D}.Release|Any CPU.Build.0 = Release|Any CPU
	EndGlobalSection
	GlobalSection(SolutionProperties) = preSolution
		HideSolutionNode = FALSE
	EndGlobalSection
	GlobalSection(ExtensibilityGlobals) = postSolution
		SolutionGuid = {1C2912E6-899F-4145-8003-1F2848786310}
	EndGlobalSection
EndGlobal
